
Microsoft Visual Studio Solution File, Format Version 12.00
# Visual Studio Version 17
VisualStudioVersion = 17.13.35931.197 d17.13
MinimumVisualStudioVersion = 10.0.40219.1
Project("{FAE04EC0-301F-11D3-BF4B-00C04F79EFBC}") = "MultiSoftwareBio", "MultiSoftwareBio\MultiSoftwareBio.csproj", "{BA877A8D-FEB6-4504-A23E-F1362B4BFD6F}"
EndProject
Global
	GlobalSection(SolutionConfigurationPlatforms) = preSolution
		Debug|Any CPU = Debug|Any CPU
		Release|Any CPU = Release|Any CPU
	EndGlobalSection
	GlobalSection(ProjectConfigurationPlatforms) = postSolution
		{BA877A8D-FEB6-4504-A23E-F1362B4BFD6F}.Debug|Any CPU.ActiveCfg = Debug|Any CPU
		{BA877A8D-FEB6-4504-A23E-F1362B4BFD6F}.Debug|Any CPU.Build.0 = Debug|Any CPU
		{BA877A8D-FEB6-4504-A23E-F1362B4BFD6F}.Release|Any CPU.ActiveCfg = Release|Any CPU
		{BA877A8D-FEB6-4504-A23E-F1362B4BFD6F}.Release|Any CPU.Build.0 = Release|Any CPU
	EndGlobalSection
	GlobalSection(SolutionProperties) = preSolution
		HideSolutionNode = FALSE
	EndGlobalSection
	GlobalSection(ExtensibilityGlobals) = postSolution
		SolutionGuid = {D4AF898B-8E95-48DB-A969-2B976D46E332}
	EndGlobalSection
EndGlobal
